
Microsoft Visual Studio Solution File, Format Version 12.00
# Visual Studio Version 16
VisualStudioVersion = 16.0.29613.14
MinimumVisualStudioVersion = 10.0.40219.1
Project("{FAE04EC0-301F-11D3-BF4B-00C04F79EFBC}") = "PromotionEngine", "PromotionEngine\PromotionEngine.csproj", "{5D655155-EC04-44A2-97FD-AFA3B080A0EA}"
EndProject
Project("{FAE04EC0-301F-11D3-BF4B-00C04F79EFBC}") = "PromotionEngine.Test", "PromotionEngine.Test\PromotionEngine.Test.csproj", "{2D114E70-ABA0-4489-AF3B-A52D488961E3}"
EndProject
Global
	GlobalSection(SolutionConfigurationPlatforms) = preSolution
		Debug|Any CPU = Debug|Any CPU
		Release|Any CPU = Release|Any CPU
	EndGlobalSection
	GlobalSection(ProjectConfigurationPlatforms) = postSolution
		{5D655155-EC04-44A2-97FD-AFA3B080A0EA}.Debug|Any CPU.ActiveCfg = Debug|Any CPU
		{5D655155-EC04-44A2-97FD-AFA3B080A0EA}.Debug|Any CPU.Build.0 = Debug|Any CPU
		{5D655155-EC04-44A2-97FD-AFA3B080A0EA}.Release|Any CPU.ActiveCfg = Release|Any CPU
		{5D655155-EC04-44A2-97FD-AFA3B080A0EA}.Release|Any CPU.Build.0 = Release|Any CPU
		{2D114E70-ABA0-4489-AF3B-A52D488961E3}.Debug|Any CPU.ActiveCfg = Debug|Any CPU
		{2D114E70-ABA0-4489-AF3B-A52D488961E3}.Debug|Any CPU.Build.0 = Debug|Any CPU
		{2D114E70-ABA0-4489-AF3B-A52D488961E3}.Release|Any CPU.ActiveCfg = Release|Any CPU
		{2D114E70-ABA0-4489-AF3B-A52D488961E3}.Release|Any CPU.Build.0 = Release|Any CPU
	EndGlobalSection
	GlobalSection(SolutionProperties) = preSolution
		HideSolutionNode = FALSE
	EndGlobalSection
	GlobalSection(ExtensibilityGlobals) = postSolution
		SolutionGuid = {AE316D3A-F66B-4F8C-A689-9B5BBE7EE575}
	EndGlobalSection
EndGlobal
